{
  "nodes": {
    "gamescope-git-src": {
      "flake": false,
      "locked": {
        "lastModified": 1682127989,
        "narHash": "sha256-MbXbhqcyw2GuoJCF+CGvdWy5VJqeykDHNskKjDhrHgE=",
        "owner": "ValveSoftware",
        "repo": "gamescope",
        "rev": "50925d9a119e235804b75f523c4e9245615a2f5a",
        "type": "github"
      },
      "original": {
        "owner": "ValveSoftware",
        "ref": "master",
        "repo": "gamescope",
        "type": "github"
      }
    },
    "input-leap-git-src": {
      "flake": false,
      "locked": {
        "lastModified": 1681667839,
        "narHash": "sha256-SicoUhACI5oHMQmlUPkhnEgPgx/iFRCE7JHCSs7e5gQ=",
        "owner": "input-leap",
        "repo": "input-leap",
        "rev": "198779cf9e798aac6ad41427e32d031305736de3",
        "type": "github"
      },
      "original": {
        "owner": "input-leap",
        "ref": "master",
        "repo": "input-leap",
        "type": "github"
      }
    },
    "mesa-git-src": {
      "flake": false,
      "locked": {
        "lastModified": 1682126918,
        "narHash": "sha256-InjCfxv6/QbcpKEXxFG/dfimbDQ3sSh53OfeMFByQLE=",
        "owner": "chaotic-cx",
        "repo": "mesa-mirror",
        "rev": "068738eea9e14490a42897923d1f5a3213827459",
        "type": "github"
      },
      "original": {
        "owner": "chaotic-cx",
        "ref": "main",
        "repo": "mesa-mirror",
        "type": "github"
      }
    },
    "nixpkgs": {
      "locked": {
        "lastModified": 1682109806,
        "narHash": "sha256-d9g7RKNShMLboTWwukM+RObDWWpHKaqTYXB48clBWXI=",
        "owner": "NixOS",
        "repo": "nixpkgs",
        "rev": "2362848adf8def2866fabbffc50462e929d7fffb",
        "type": "github"
      },
      "original": {
        "owner": "NixOS",
        "ref": "nixpkgs-unstable",
        "repo": "nixpkgs",
        "type": "github"
      }
    },
    "root": {
      "inputs": {
        "gamescope-git-src": "gamescope-git-src",
        "input-leap-git-src": "input-leap-git-src",
        "mesa-git-src": "mesa-git-src",
        "nixpkgs": "nixpkgs",
        "sway-git-src": "sway-git-src",
        "waynergy-git-src": "waynergy-git-src",
        "wlroots-git-src": "wlroots-git-src"
      }
    },
    "sway-git-src": {
      "flake": false,
      "locked": {
        "lastModified": 1681667700,
        "narHash": "sha256-thio7/14xLBWxEk1c7WFn/6Bz41LllBW4hvFI4C2puQ=",
        "owner": "swaywm",
        "repo": "sway",
        "rev": "33cfdbe886144e8515593d96a80d850a7c6e382e",
        "type": "github"
      },
      "original": {
        "owner": "swaywm",
        "ref": "master",
        "repo": "sway",
        "type": "github"
      }
    },
    "waynergy-git-src": {
      "flake": false,
      "locked": {
        "lastModified": 1680951881,
        "narHash": "sha256-DHP84AYDd3M8on4LgS2TzFU/QulrWXdl1qbLV+qKoxw=",
        "owner": "r-c-f",
        "repo": "waynergy",
        "rev": "833ff57906460acb4ba9e3ec45737f42f461fc53",
        "type": "github"
      },
      "original": {
        "owner": "r-c-f",
        "ref": "master",
        "repo": "waynergy",
        "type": "github"
      }
    },
    "wlroots-git-src": {
      "flake": false,
      "locked": {
        "lastModified": 1681979986,
        "narHash": "sha256-zvcJjM8jBMAW5XNSwzgTj3H8F3DwjYCxzUvbL7Ax2Yw=",
        "ref": "master",
        "rev": "44069dfd5e9e3efa150ce468f48c64916f2de0ae",
        "revCount": 6206,
        "type": "git",
        "url": "https://gitlab.freedesktop.org/wlroots/wlroots.git"
      },
      "original": {
        "ref": "master",
        "type": "git",
        "url": "https://gitlab.freedesktop.org/wlroots/wlroots.git"
      }
    }
  },
  "root": "root",
  "version": 7
}
