{
  "nodes": {
    "compare-to": {
      "locked": {
        "lastModified": 1682262834,
        "narHash": "sha256-kailVn8ZiJ6yaHTLOTDtJKj8MFp/U/ncqYjNUrpryJ8=",
        "owner": "chaotic-cx",
        "repo": "nix-empty-flake",
        "rev": "211c8624d05494ab24993a59e7ddc2fad58305b3",
        "type": "github"
      },
      "original": {
        "owner": "chaotic-cx",
        "repo": "nix-empty-flake",
        "type": "github"
      }
    },
    "gamescope-git-src": {
      "flake": false,
      "locked": {
        "lastModified": 1690442292,
        "narHash": "sha256-UpY9O6X2YLYCpXkAXzjQwk+yiRj2cMlVbi+OtIHEdI8=",
        "owner": "ValveSoftware",
        "repo": "gamescope",
        "rev": "50eaf7531781bc680f9dd8758ec7de042671569f",
        "type": "github"
      },
      "original": {
        "owner": "ValveSoftware",
        "ref": "master",
        "repo": "gamescope",
        "type": "github"
      }
    },
    "home-manager": {
      "inputs": {
        "nixpkgs": [
          "nixpkgs"
        ]
      },
      "locked": {
        "lastModified": 1690879813,
        "narHash": "sha256-LmRhzSkQgFWpt8skFiwLeOPNXbZTVSKitD2Q3yEEXhc=",
        "owner": "nix-community",
        "repo": "home-manager",
        "rev": "89df56fefe728bed13b4b5b99af196017e330dd5",
        "type": "github"
      },
      "original": {
        "owner": "nix-community",
        "repo": "home-manager",
        "type": "github"
      }
    },
    "input-leap-git-src": {
      "flake": false,
      "locked": {
        "lastModified": 1690732292,
        "narHash": "sha256-eECX0oSUnRVi5sm870lLRX0li8ZJ9QlyTjrdEkUfNd8=",
        "owner": "input-leap",
        "repo": "input-leap",
        "rev": "fa1bfd993804e4225dd02aeb2e21ec32ed3c598a",
        "type": "github"
      },
      "original": {
        "owner": "input-leap",
        "ref": "master",
        "repo": "input-leap",
        "type": "github"
      }
    },
    "mangohud-git-src": {
      "flake": false,
      "locked": {
        "lastModified": 1690734469,
        "narHash": "sha256-cIODNmjtdJ5rPzjoK/BNoAbTGjTTh0l8ljpKBJ6D1H4=",
        "owner": "flightlessmango",
        "repo": "MangoHud",
        "rev": "cd92cedeca8b85bbc99731d46daa245e6f9d0c19",
        "type": "github"
      },
      "original": {
        "owner": "flightlessmango",
        "ref": "master",
        "repo": "MangoHud",
        "type": "github"
      }
    },
    "mesa-git-src": {
      "flake": false,
      "locked": {
        "lastModified": 1690878724,
        "narHash": "sha256-qBPK2U/E4/wNw6Z33dUqZ5EKQ7S91wVHi8Kwj7zXn8E=",
        "owner": "chaotic-cx",
        "repo": "mesa-mirror",
        "rev": "5fc5123f63cd9646546e7c1cf13a99c69a807502",
        "type": "github"
      },
      "original": {
        "owner": "chaotic-cx",
        "ref": "main",
        "repo": "mesa-mirror",
        "type": "github"
      }
    },
    "nixpkgs": {
      "locked": {
        "lastModified": 1690789960,
        "narHash": "sha256-3K+2HuyGTiJUSZNJxXXvc0qj4xFx1FHC/ItYtEa7/Xs=",
        "owner": "NixOS",
        "repo": "nixpkgs",
        "rev": "fb942492b7accdee4e6d17f5447091c65897dde4",
        "type": "github"
      },
      "original": {
        "owner": "NixOS",
        "ref": "nixos-unstable",
        "repo": "nixpkgs",
        "type": "github"
      }
    },
    "river-git-src": {
      "flake": false,
      "locked": {
        "lastModified": 1689030700,
        "narHash": "sha256-E3Xtv7JeCmafiNmpuS5VuLgh1TDAbibPtMo6A9Pz6EQ=",
        "ref": "refs/heads/master",
        "rev": "c16628c7f57c51d50f2d10a96c265fb0afaddb02",
        "revCount": 1041,
        "submodules": true,
        "type": "git",
        "url": "https://github.com/riverwm/river"
      },
      "original": {
        "submodules": true,
        "type": "git",
        "url": "https://github.com/riverwm/river"
      }
    },
    "root": {
      "inputs": {
        "compare-to": "compare-to",
        "gamescope-git-src": "gamescope-git-src",
        "home-manager": "home-manager",
        "input-leap-git-src": "input-leap-git-src",
        "mangohud-git-src": "mangohud-git-src",
        "mesa-git-src": "mesa-git-src",
        "nixpkgs": "nixpkgs",
        "river-git-src": "river-git-src",
        "sway-git-src": "sway-git-src",
        "swaylock-plugin-git-src": "swaylock-plugin-git-src",
        "waynergy-git-src": "waynergy-git-src",
        "wlroots-git-src": "wlroots-git-src",
        "yt-dlp-git-src": "yt-dlp-git-src",
        "yuzu-ea-git-src": "yuzu-ea-git-src"
      }
    },
    "sway-git-src": {
      "flake": false,
      "locked": {
        "lastModified": 1690830020,
        "narHash": "sha256-chxx8Uf70CxiM8HvwOTkReY9pDHxh2XgXTnTmUPOQ9c=",
        "owner": "swaywm",
        "repo": "sway",
        "rev": "eebbecc7801ea520dd5644b08e884fbe27c2eeda",
        "type": "github"
      },
      "original": {
        "owner": "swaywm",
        "ref": "master",
        "repo": "sway",
        "type": "github"
      }
    },
    "swaylock-plugin-git-src": {
      "flake": false,
      "locked": {
        "lastModified": 1683632809,
        "narHash": "sha256-Be+jfpVohSQS1Yjaex1wjymEyzGbZA7RD0VF053+Frs=",
        "owner": "mstoeckl",
        "repo": "swaylock-plugin",
        "rev": "9a0df2abe87d0dc899c28d87f0f59883c6477b61",
        "type": "github"
      },
      "original": {
        "owner": "mstoeckl",
        "ref": "main",
        "repo": "swaylock-plugin",
        "type": "github"
      }
    },
    "waynergy-git-src": {
      "flake": false,
      "locked": {
        "lastModified": 1685397335,
        "narHash": "sha256-YMnV8cEv/ZpKi8dyDG0OETucVZtaqguH8hZ/+ydqp6Q=",
        "owner": "r-c-f",
        "repo": "waynergy",
        "rev": "13ea71c77a8961ed192e34affb53deb1960ca103",
        "type": "github"
      },
      "original": {
        "owner": "r-c-f",
        "ref": "master",
        "repo": "waynergy",
        "type": "github"
      }
    },
    "wlroots-git-src": {
      "flake": false,
      "locked": {
        "lastModified": 1690546897,
        "narHash": "sha256-6MEVZCCwmNjKgMGDBIF2J2748vJEcEOaifLycXamvz0=",
        "ref": "master",
        "rev": "d40bcfe2c18f057f4bc324a81230f6ba2267db44",
        "revCount": 6524,
        "type": "git",
        "url": "https://gitlab.freedesktop.org/wlroots/wlroots.git"
      },
      "original": {
        "ref": "master",
        "type": "git",
        "url": "https://gitlab.freedesktop.org/wlroots/wlroots.git"
      }
    },
    "yt-dlp-git-src": {
      "flake": false,
      "locked": {
        "lastModified": 1690874644,
        "narHash": "sha256-bpRAmygdyhkdjWmls8sgRf2IXie5r7F9llNW3Spttec=",
        "owner": "yt-dlp",
        "repo": "yt-dlp",
        "rev": "30b29f37159e9226e2f2d5434c9a4096ac4efa2e",
        "type": "github"
      },
      "original": {
        "owner": "yt-dlp",
        "ref": "master",
        "repo": "yt-dlp",
        "type": "github"
      }
    },
    "yuzu-ea-git-src": {
      "flake": false,
      "locked": {
        "lastModified": 1690850603,
        "narHash": "sha256-YgycVEdPq1pDL2niX0WhYgB5H2hhnSFQRVsfVLGIv7w=",
        "owner": "pineappleEA",
        "repo": "pineapple-src",
        "rev": "04f356bb47478c5cd896ac173ee01824746795d0",
        "type": "github"
      },
      "original": {
        "owner": "pineappleEA",
        "ref": "main",
        "repo": "pineapple-src",
        "type": "github"
      }
    }
  },
  "root": "root",
  "version": 7
}
